<?xml version="1.0" encoding="utf-8"?>
<Project ToolsVersion="4.0" xmlns="http://schemas.microsoft.com/developer/msbuild/2003">
  <ItemGroup>
    <Filter Include="Source Files">
      <UniqueIdentifier>{4FC737F1-C7A5-4376-A066-2A32D752A2FF}</UniqueIdentifier>
      <Extensions>cpp;c;cc;cxx;c++;cppm;ixx;def;odl;idl;hpj;bat;asm;asmx</Extensions>
    </Filter>
    <Filter Include="Header Files">
      <UniqueIdentifier>{93995380-89BD-4b04-88EB-625FBE52EBFB}</UniqueIdentifier>
      <Extensions>h;hh;hpp;hxx;h++;hm;inl;inc;ipp;xsd</Extensions>
    </Filter>
    <Filter Include="Resource Files">
      <UniqueIdentifier>{67DA6AB6-F800-4c08-8B7A-83BB121AAD01}</UniqueIdentifier>
      <Extensions>rc;ico;cur;bmp;dlg;rc2;rct;bin;rgs;gif;jpg;jpeg;jpe;resx;tiff;tif;png;wav;mfcribbon-ms</Extensions>
    </Filter>
    <Filter Include="Source Files\GUI">
      <UniqueIdentifier>{faa6c2b8-ca5d-4be6-808c-0c974b0fdca0}</UniqueIdentifier>
    </Filter>
    <Filter Include="Source Files\GUI\Contents">
      <UniqueIdentifier>{814952aa-5d1f-4298-9120-69464d51b9eb}</UniqueIdentifier>
    </Filter>
    <Filter Include="Source Files\GUI\Pages">
      <UniqueIdentifier>{26840765-75bf-4e35-900f-1fcd8df75408}</UniqueIdentifier>
    </Filter>
    <Filter Include="Source Files\GUI\PageTemplate">
      <UniqueIdentifier>{2673cbee-cc0e-4c4e-b7c7-f8c0edc5c966}</UniqueIdentifier>
    </Filter>
    <Filter Include="Source Files\GUI\Systems">
      <UniqueIdentifier>{2ea8da64-217b-4fda-bac6-e835c9ab6203}</UniqueIdentifier>
    </Filter>
    <Filter Include="Source Files\GUI\UI">
      <UniqueIdentifier>{f045d796-550f-4f01-ab06-5f134c2882a8}</UniqueIdentifier>
    </Filter>
    <Filter Include="Header Files\GUI">
      <UniqueIdentifier>{a3cfd49c-0086-44bd-98ce-13663cc608b4}</UniqueIdentifier>
    </Filter>
    <Filter Include="Header Files\GUI\UI">
      <UniqueIdentifier>{b11b96b4-c8a8-4b3e-9bb2-161045fb196b}</UniqueIdentifier>
    </Filter>
    <Filter Include="Header Files\DATA">
      <UniqueIdentifier>{b11a8910-1931-4956-9660-d66b7044fc16}</UniqueIdentifier>
    </Filter>
    <Filter Include="Source Files\DATA">
      <UniqueIdentifier>{77a2f6a7-ec84-4652-8c1d-c07cd14ce6aa}</UniqueIdentifier>
    </Filter>
    <Filter Include="Header Files\GUI\Systems">
      <UniqueIdentifier>{8c6e37bb-089a-4653-87cd-40578e44d97d}</UniqueIdentifier>
    </Filter>
    <Filter Include="Header Files\GUI\Pagetemplate">
      <UniqueIdentifier>{5537b8c0-6080-4dc8-9d28-a98dc63b40fe}</UniqueIdentifier>
    </Filter>
    <Filter Include="Header Files\GUI\Pages">
      <UniqueIdentifier>{c5f52a23-a6fa-4a81-b7c7-34ab2016b049}</UniqueIdentifier>
    </Filter>
    <Filter Include="Header Files\GUI\Contents">
      <UniqueIdentifier>{5b17e81e-f78a-484a-8dd0-211c070d33d1}</UniqueIdentifier>
    </Filter>
    <Filter Include="Source Files\GUI\Popups">
      <UniqueIdentifier>{ce4779ad-09a9-497a-8aee-b7a2b96c609f}</UniqueIdentifier>
    </Filter>
    <Filter Include="Header Files\GUI\Popups">
      <UniqueIdentifier>{59264cf9-e22f-4552-9e64-656524f11bd3}</UniqueIdentifier>
    </Filter>
  </ItemGroup>
  <ItemGroup>
    <ClCompile Include="main.cpp">
      <Filter>Source Files</Filter>
    </ClCompile>
    <ClCompile Include="color.cpp">
      <Filter>Source Files\GUI\Systems</Filter>
    </ClCompile>
    <ClCompile Include="draw.cpp">
      <Filter>Source Files\GUI\Systems</Filter>
    </ClCompile>
    <ClCompile Include="keyboard.cpp">
      <Filter>Source Files\GUI\Systems</Filter>
    </ClCompile>
    <ClCompile Include="windows.cpp">
      <Filter>Source Files\GUI\Systems</Filter>
    </ClCompile>
    <ClCompile Include="loading.cpp">
      <Filter>Source Files\GUI\Pages</Filter>
    </ClCompile>
    <ClCompile Include="login.cpp">
      <Filter>Source Files\GUI\Pages</Filter>
    </ClCompile>
    <ClCompile Include="header.cpp">
      <Filter>Source Files\GUI\PageTemplate</Filter>
    </ClCompile>
    <ClCompile Include="sidebar.cpp">
      <Filter>Source Files\GUI\PageTemplate</Filter>
    </ClCompile>
    <ClCompile Include="footer.cpp">
      <Filter>Source Files\GUI\PageTemplate</Filter>
    </ClCompile>
    <ClCompile Include="configApp.cpp">
      <Filter>Source Files\GUI\Systems</Filter>
    </ClCompile>
    <ClCompile Include="page.cpp">
      <Filter>Source Files\GUI\Pages</Filter>
    </ClCompile>
    <ClCompile Include="Layout.cpp">
      <Filter>Source Files\GUI\Pages</Filter>
    </ClCompile>
    <ClCompile Include="about.cpp">
      <Filter>Source Files\GUI\Contents</Filter>
    </ClCompile>
    <ClCompile Include="content.cpp">
      <Filter>Source Files\GUI\Contents</Filter>
    </ClCompile>
    <ClCompile Include="student.cpp">
      <Filter>Source Files\GUI\Contents</Filter>
    </ClCompile>
    <ClCompile Include="classroom.cpp">
      <Filter>Source Files\GUI\Contents</Filter>
    </ClCompile>
    <ClCompile Include="subject.cpp">
      <Filter>Source Files\GUI\Contents</Filter>
    </ClCompile>
    <ClCompile Include="question.cpp">
      <Filter>Source Files\GUI\Contents</Filter>
    </ClCompile>
    <ClCompile Include="button.cpp">
      <Filter>Source Files\GUI\UI</Filter>
    </ClCompile>
    <ClCompile Include="buttonEnter.cpp">
      <Filter>Source Files\GUI\UI</Filter>
    </ClCompile>
    <ClCompile Include="InputField.h">
      <Filter>Header Files\GUI\UI</Filter>
    </ClCompile>
    <ClCompile Include="inputField.cpp">
      <Filter>Source Files\GUI\UI</Filter>
    </ClCompile>
    <ClCompile Include="text.cpp">
      <Filter>Source Files\GUI\UI</Filter>
    </ClCompile>
    <ClCompile Include="popup.cpp">
      <Filter>Source Files\GUI\Popups</Filter>
    </ClCompile>
    <ClCompile Include="popupDelete.cpp">
      <Filter>Source Files\GUI\Popups</Filter>
    </ClCompile>
    <ClCompile Include="exam.cpp">
      <Filter>Source Files\GUI\Contents</Filter>
    </ClCompile>
  </ItemGroup>
  <ItemGroup>
    <ClInclude Include="Loading.h">
      <Filter>Header Files\GUI\Pages</Filter>
    </ClInclude>
    <ClInclude Include="Login.h">
      <Filter>Header Files\GUI\Pages</Filter>
    </ClInclude>
    <ClInclude Include="mycolor.h">
      <Filter>Header Files\GUI\Systems</Filter>
    </ClInclude>
    <ClInclude Include="mydraw.h">
      <Filter>Header Files\GUI\Systems</Filter>
    </ClInclude>
    <ClInclude Include="mykeyboard.h">
      <Filter>Header Files\GUI\Systems</Filter>
    </ClInclude>
    <ClInclude Include="mywindows.h">
      <Filter>Header Files\GUI\Systems</Filter>
    </ClInclude>
    <ClInclude Include="Header.h">
      <Filter>Header Files\GUI\Pagetemplate</Filter>
    </ClInclude>
    <ClInclude Include="Sidebar.h">
      <Filter>Header Files\GUI\Pagetemplate</Filter>
    </ClInclude>
    <ClInclude Include="Footer.h">
      <Filter>Header Files\GUI\Pagetemplate</Filter>
    </ClInclude>
    <ClInclude Include="configApp.h">
      <Filter>Header Files\GUI\Systems</Filter>
    </ClInclude>
    <ClInclude Include="Page.h">
      <Filter>Header Files\GUI\Pages</Filter>
    </ClInclude>
    <ClInclude Include="About.h">
      <Filter>Header Files\GUI\Contents</Filter>
    </ClInclude>
    <ClInclude Include="Content.h">
      <Filter>Header Files\GUI\Contents</Filter>
    </ClInclude>
    <ClInclude Include="Student.h">
      <Filter>Header Files\GUI\Contents</Filter>
    </ClInclude>
    <ClInclude Include="Classroom.h">
      <Filter>Header Files\GUI\Contents</Filter>
    </ClInclude>
    <ClInclude Include="Subject.h">
      <Filter>Header Files\GUI\Contents</Filter>
    </ClInclude>
    <ClInclude Include="Question.h">
      <Filter>Header Files\GUI\Contents</Filter>
    </ClInclude>
    <ClInclude Include="Button.h">
      <Filter>Header Files\GUI\UI</Filter>
    </ClInclude>
    <ClInclude Include="ButtonEnter.h">
      <Filter>Header Files\GUI\UI</Filter>
    </ClInclude>
    <ClInclude Include="Text.h">
      <Filter>Header Files\GUI\UI</Filter>
    </ClInclude>
    <ClInclude Include="Layout.h">
      <Filter>Header Files\GUI\Pages</Filter>
    </ClInclude>
    <ClInclude Include="Popup.h">
      <Filter>Header Files\GUI\Popups</Filter>
    </ClInclude>
    <ClInclude Include="PopupDelete.h">
      <Filter>Header Files\GUI\Popups</Filter>
    </ClInclude>
    <ClInclude Include="Exam.h">
      <Filter>Header Files\GUI\Contents</Filter>
    </ClInclude>
  </ItemGroup>
</Project>